
Microsoft Visual Studio Solution File, Format Version 12.00
# Visual Studio Version 16
VisualStudioVersion = 16.0.31613.86
MinimumVisualStudioVersion = 10.0.40219.1
Project("{8BC9CEB8-8B4A-11D0-8D11-00A0C91BC942}") = "lesson.01.cpp", "lesson.01.cpp\lesson.01.cpp.vcxproj", "{EE69B9A6-B59F-4BD6-AE3F-AFFA0F86E8AA}"
EndProject
Project("{8BC9CEB8-8B4A-11D0-8D11-00A0C91BC942}") = "lesson.02.cpp", "lesson.02.cpp\lesson.02.cpp.vcxproj", "{902B0B55-FC58-43D1-8D06-67010A65CEB6}"
EndProject
Project("{8BC9CEB8-8B4A-11D0-8D11-00A0C91BC942}") = "lesson.02.test", "lesson.02.test\lesson.02.test.vcxproj", "{64090433-CFAC-4E52-A5C3-52E08A16A2CB}"
EndProject
Project("{8BC9CEB8-8B4A-11D0-8D11-00A0C91BC942}") = "lesson.03.cpp", "lesson.03.cpp\lesson.03.cpp.vcxproj", "{AAF34B28-2FA0-4778-8510-ACDF5D6231DA}"
EndProject
Project("{8BC9CEB8-8B4A-11D0-8D11-00A0C91BC942}") = "lesson.03.test", "lesson.03.test\lesson.03.test.vcxproj", "{ABD55B4A-AC41-49BE-9B73-073EF7549D30}"
EndProject
Project("{8BC9CEB8-8B4A-11D0-8D11-00A0C91BC942}") = "lesson.04.cpp", "lesson.04.cpp\lesson.04.cpp.vcxproj", "{B705CBA5-7A24-4E5F-9770-E4D663914F25}"
EndProject
Project("{8BC9CEB8-8B4A-11D0-8D11-00A0C91BC942}") = "lesson.04.test", "lesson.04.test\lesson.04.test.vcxproj", "{37993159-955C-40B5-9235-8E50F81194CA}"
EndProject
Project("{8BC9CEB8-8B4A-11D0-8D11-00A0C91BC942}") = "lesson.05.cpp", "lesson.05.cpp\lesson.05.cpp.vcxproj", "{AD09BAFC-BECD-4BE9-BC31-2B38C7756122}"
EndProject
Project("{8BC9CEB8-8B4A-11D0-8D11-00A0C91BC942}") = "lesson.06.cpp", "lesson.06.cpp\lesson.06.cpp.vcxproj", "{0D4FB2A4-296F-416B-AC8C-7B7593752BF5}"
EndProject
Project("{8BC9CEB8-8B4A-11D0-8D11-00A0C91BC942}") = "lesson.07.cpp", "lesson.07.cpp\lesson.07.cpp.vcxproj", "{26475A72-7295-4556-BF92-F4A26E2C98C7}"
EndProject
Project("{8BC9CEB8-8B4A-11D0-8D11-00A0C91BC942}") = "lesson.13.cpp", "lesson.13.cpp\lesson.13.cpp.vcxproj", "{4EFC6366-CE89-4793-8613-F84668924771}"
EndProject
Project("{8BC9CEB8-8B4A-11D0-8D11-00A0C91BC942}") = "lesson.09.bpmn", "lesson.09.bpmn\lesson.09.bpmn.vcxproj", "{C325FF7A-A8BB-406C-85DD-3D79D1F76FC4}"
EndProject
Project("{8BC9CEB8-8B4A-11D0-8D11-00A0C91BC942}") = "lesson.13.test", "lesson.13.test\lesson.13.test.vcxproj", "{FEA4DF29-2B57-4233-9F00-919F57BD0FE4}"
EndProject
Global
	GlobalSection(SolutionConfigurationPlatforms) = preSolution
		Debug|ARM = Debug|ARM
		Debug|ARM64 = Debug|ARM64
		Debug|Gaming.Desktop.x64 = Debug|Gaming.Desktop.x64
		Debug|x64 = Debug|x64
		Debug|x86 = Debug|x86
		Profile|ARM = Profile|ARM
		Profile|ARM64 = Profile|ARM64
		Profile|Gaming.Desktop.x64 = Profile|Gaming.Desktop.x64
		Profile|x64 = Profile|x64
		Profile|x86 = Profile|x86
		Release|ARM = Release|ARM
		Release|ARM64 = Release|ARM64
		Release|Gaming.Desktop.x64 = Release|Gaming.Desktop.x64
		Release|x64 = Release|x64
		Release|x86 = Release|x86
	EndGlobalSection
	GlobalSection(ProjectConfigurationPlatforms) = postSolution
		{EE69B9A6-B59F-4BD6-AE3F-AFFA0F86E8AA}.Debug|ARM.ActiveCfg = Debug|Win32
		{EE69B9A6-B59F-4BD6-AE3F-AFFA0F86E8AA}.Debug|ARM64.ActiveCfg = Debug|Win32
		{EE69B9A6-B59F-4BD6-AE3F-AFFA0F86E8AA}.Debug|Gaming.Desktop.x64.ActiveCfg = Debug|Win32
		{EE69B9A6-B59F-4BD6-AE3F-AFFA0F86E8AA}.Debug|x64.ActiveCfg = Debug|x64
		{EE69B9A6-B59F-4BD6-AE3F-AFFA0F86E8AA}.Debug|x64.Build.0 = Debug|x64
		{EE69B9A6-B59F-4BD6-AE3F-AFFA0F86E8AA}.Debug|x86.ActiveCfg = Debug|x64
		{EE69B9A6-B59F-4BD6-AE3F-AFFA0F86E8AA}.Debug|x86.Build.0 = Debug|x64
		{EE69B9A6-B59F-4BD6-AE3F-AFFA0F86E8AA}.Profile|ARM.ActiveCfg = Release|x64
		{EE69B9A6-B59F-4BD6-AE3F-AFFA0F86E8AA}.Profile|ARM.Build.0 = Release|x64
		{EE69B9A6-B59F-4BD6-AE3F-AFFA0F86E8AA}.Profile|ARM64.ActiveCfg = Release|x64
		{EE69B9A6-B59F-4BD6-AE3F-AFFA0F86E8AA}.Profile|ARM64.Build.0 = Release|x64
		{EE69B9A6-B59F-4BD6-AE3F-AFFA0F86E8AA}.Profile|Gaming.Desktop.x64.ActiveCfg = Release|x64
		{EE69B9A6-B59F-4BD6-AE3F-AFFA0F86E8AA}.Profile|x64.ActiveCfg = Release|x64
		{EE69B9A6-B59F-4BD6-AE3F-AFFA0F86E8AA}.Profile|x64.Build.0 = Release|x64
		{EE69B9A6-B59F-4BD6-AE3F-AFFA0F86E8AA}.Profile|x86.ActiveCfg = Debug|Win32
		{EE69B9A6-B59F-4BD6-AE3F-AFFA0F86E8AA}.Release|ARM.ActiveCfg = Release|x64
		{EE69B9A6-B59F-4BD6-AE3F-AFFA0F86E8AA}.Release|ARM64.ActiveCfg = Release|x64
		{EE69B9A6-B59F-4BD6-AE3F-AFFA0F86E8AA}.Release|Gaming.Desktop.x64.ActiveCfg = Release|x64
		{EE69B9A6-B59F-4BD6-AE3F-AFFA0F86E8AA}.Release|x64.ActiveCfg = Release|x64
		{EE69B9A6-B59F-4BD6-AE3F-AFFA0F86E8AA}.Release|x64.Build.0 = Release|x64
		{EE69B9A6-B59F-4BD6-AE3F-AFFA0F86E8AA}.Release|x86.ActiveCfg = Release|x64
		{902B0B55-FC58-43D1-8D06-67010A65CEB6}.Debug|ARM.ActiveCfg = Debug|Win32
		{902B0B55-FC58-43D1-8D06-67010A65CEB6}.Debug|ARM64.ActiveCfg = Debug|Win32
		{902B0B55-FC58-43D1-8D06-67010A65CEB6}.Debug|Gaming.Desktop.x64.ActiveCfg = Debug|Win32
		{902B0B55-FC58-43D1-8D06-67010A65CEB6}.Debug|x64.ActiveCfg = Debug|x64
		{902B0B55-FC58-43D1-8D06-67010A65CEB6}.Debug|x64.Build.0 = Debug|x64
		{902B0B55-FC58-43D1-8D06-67010A65CEB6}.Debug|x86.ActiveCfg = Debug|x64
		{902B0B55-FC58-43D1-8D06-67010A65CEB6}.Debug|x86.Build.0 = Debug|x64
		{902B0B55-FC58-43D1-8D06-67010A65CEB6}.Profile|ARM.ActiveCfg = Debug|Win32
		{902B0B55-FC58-43D1-8D06-67010A65CEB6}.Profile|ARM.Build.0 = Debug|Win32
		{902B0B55-FC58-43D1-8D06-67010A65CEB6}.Profile|ARM64.ActiveCfg = Debug|Win32
		{902B0B55-FC58-43D1-8D06-67010A65CEB6}.Profile|ARM64.Build.0 = Debug|Win32
		{902B0B55-FC58-43D1-8D06-67010A65CEB6}.Profile|Gaming.Desktop.x64.ActiveCfg = Debug|Win32
		{902B0B55-FC58-43D1-8D06-67010A65CEB6}.Profile|Gaming.Desktop.x64.Build.0 = Debug|Win32
		{902B0B55-FC58-43D1-8D06-67010A65CEB6}.Profile|x64.ActiveCfg = Debug|x64
		{902B0B55-FC58-43D1-8D06-67010A65CEB6}.Profile|x64.Build.0 = Debug|x64
		{902B0B55-FC58-43D1-8D06-67010A65CEB6}.Profile|x86.ActiveCfg = Debug|Win32
		{902B0B55-FC58-43D1-8D06-67010A65CEB6}.Profile|x86.Build.0 = Debug|Win32
		{902B0B55-FC58-43D1-8D06-67010A65CEB6}.Release|ARM.ActiveCfg = Release|x64
		{902B0B55-FC58-43D1-8D06-67010A65CEB6}.Release|ARM64.ActiveCfg = Release|x64
		{902B0B55-FC58-43D1-8D06-67010A65CEB6}.Release|Gaming.Desktop.x64.ActiveCfg = Release|x64
		{902B0B55-FC58-43D1-8D06-67010A65CEB6}.Release|x64.ActiveCfg = Release|x64
		{902B0B55-FC58-43D1-8D06-67010A65CEB6}.Release|x64.Build.0 = Release|x64
		{902B0B55-FC58-43D1-8D06-67010A65CEB6}.Release|x86.ActiveCfg = Release|x64
		{64090433-CFAC-4E52-A5C3-52E08A16A2CB}.Debug|ARM.ActiveCfg = Debug|Win32
		{64090433-CFAC-4E52-A5C3-52E08A16A2CB}.Debug|ARM64.ActiveCfg = Debug|Win32
		{64090433-CFAC-4E52-A5C3-52E08A16A2CB}.Debug|Gaming.Desktop.x64.ActiveCfg = Debug|Win32
		{64090433-CFAC-4E52-A5C3-52E08A16A2CB}.Debug|x64.ActiveCfg = Debug|x64
		{64090433-CFAC-4E52-A5C3-52E08A16A2CB}.Debug|x64.Build.0 = Debug|x64
		{64090433-CFAC-4E52-A5C3-52E08A16A2CB}.Debug|x86.ActiveCfg = Debug|x64
		{64090433-CFAC-4E52-A5C3-52E08A16A2CB}.Debug|x86.Build.0 = Debug|x64
		{64090433-CFAC-4E52-A5C3-52E08A16A2CB}.Profile|ARM.ActiveCfg = Debug|Win32
		{64090433-CFAC-4E52-A5C3-52E08A16A2CB}.Profile|ARM.Build.0 = Debug|Win32
		{64090433-CFAC-4E52-A5C3-52E08A16A2CB}.Profile|ARM64.ActiveCfg = Debug|Win32
		{64090433-CFAC-4E52-A5C3-52E08A16A2CB}.Profile|ARM64.Build.0 = Debug|Win32
		{64090433-CFAC-4E52-A5C3-52E08A16A2CB}.Profile|Gaming.Desktop.x64.ActiveCfg = Debug|Win32
		{64090433-CFAC-4E52-A5C3-52E08A16A2CB}.Profile|Gaming.Desktop.x64.Build.0 = Debug|Win32
		{64090433-CFAC-4E52-A5C3-52E08A16A2CB}.Profile|x64.ActiveCfg = Debug|x64
		{64090433-CFAC-4E52-A5C3-52E08A16A2CB}.Profile|x64.Build.0 = Debug|x64
		{64090433-CFAC-4E52-A5C3-52E08A16A2CB}.Profile|x86.ActiveCfg = Debug|Win32
		{64090433-CFAC-4E52-A5C3-52E08A16A2CB}.Profile|x86.Build.0 = Debug|Win32
		{64090433-CFAC-4E52-A5C3-52E08A16A2CB}.Release|ARM.ActiveCfg = Release|x64
		{64090433-CFAC-4E52-A5C3-52E08A16A2CB}.Release|ARM64.ActiveCfg = Release|x64
		{64090433-CFAC-4E52-A5C3-52E08A16A2CB}.Release|Gaming.Desktop.x64.ActiveCfg = Release|x64
		{64090433-CFAC-4E52-A5C3-52E08A16A2CB}.Release|x64.ActiveCfg = Release|x64
		{64090433-CFAC-4E52-A5C3-52E08A16A2CB}.Release|x64.Build.0 = Release|x64
		{64090433-CFAC-4E52-A5C3-52E08A16A2CB}.Release|x86.ActiveCfg = Release|x64
		{AAF34B28-2FA0-4778-8510-ACDF5D6231DA}.Debug|ARM.ActiveCfg = Debug|Win32
		{AAF34B28-2FA0-4778-8510-ACDF5D6231DA}.Debug|ARM64.ActiveCfg = Debug|Win32
		{AAF34B28-2FA0-4778-8510-ACDF5D6231DA}.Debug|Gaming.Desktop.x64.ActiveCfg = Debug|Win32
		{AAF34B28-2FA0-4778-8510-ACDF5D6231DA}.Debug|x64.ActiveCfg = Debug|x64
		{AAF34B28-2FA0-4778-8510-ACDF5D6231DA}.Debug|x64.Build.0 = Debug|x64
		{AAF34B28-2FA0-4778-8510-ACDF5D6231DA}.Debug|x86.ActiveCfg = Debug|x64
		{AAF34B28-2FA0-4778-8510-ACDF5D6231DA}.Debug|x86.Build.0 = Debug|x64
		{AAF34B28-2FA0-4778-8510-ACDF5D6231DA}.Profile|ARM.ActiveCfg = Debug|Win32
		{AAF34B28-2FA0-4778-8510-ACDF5D6231DA}.Profile|ARM.Build.0 = Debug|Win32
		{AAF34B28-2FA0-4778-8510-ACDF5D6231DA}.Profile|ARM64.ActiveCfg = Debug|Win32
		{AAF34B28-2FA0-4778-8510-ACDF5D6231DA}.Profile|ARM64.Build.0 = Debug|Win32
		{AAF34B28-2FA0-4778-8510-ACDF5D6231DA}.Profile|Gaming.Desktop.x64.ActiveCfg = Debug|Win32
		{AAF34B28-2FA0-4778-8510-ACDF5D6231DA}.Profile|Gaming.Desktop.x64.Build.0 = Debug|Win32
		{AAF34B28-2FA0-4778-8510-ACDF5D6231DA}.Profile|x64.ActiveCfg = Debug|x64
		{AAF34B28-2FA0-4778-8510-ACDF5D6231DA}.Profile|x64.Build.0 = Debug|x64
		{AAF34B28-2FA0-4778-8510-ACDF5D6231DA}.Profile|x86.ActiveCfg = Debug|Win32
		{AAF34B28-2FA0-4778-8510-ACDF5D6231DA}.Profile|x86.Build.0 = Debug|Win32
		{AAF34B28-2FA0-4778-8510-ACDF5D6231DA}.Release|ARM.ActiveCfg = Release|x64
		{AAF34B28-2FA0-4778-8510-ACDF5D6231DA}.Release|ARM64.ActiveCfg = Release|x64
		{AAF34B28-2FA0-4778-8510-ACDF5D6231DA}.Release|Gaming.Desktop.x64.ActiveCfg = Release|x64
		{AAF34B28-2FA0-4778-8510-ACDF5D6231DA}.Release|x64.ActiveCfg = Release|x64
		{AAF34B28-2FA0-4778-8510-ACDF5D6231DA}.Release|x64.Build.0 = Release|x64
		{AAF34B28-2FA0-4778-8510-ACDF5D6231DA}.Release|x86.ActiveCfg = Release|x64
		{ABD55B4A-AC41-49BE-9B73-073EF7549D30}.Debug|ARM.ActiveCfg = Debug|Win32
		{ABD55B4A-AC41-49BE-9B73-073EF7549D30}.Debug|ARM64.ActiveCfg = Debug|Win32
		{ABD55B4A-AC41-49BE-9B73-073EF7549D30}.Debug|Gaming.Desktop.x64.ActiveCfg = Debug|Win32
		{ABD55B4A-AC41-49BE-9B73-073EF7549D30}.Debug|x64.ActiveCfg = Debug|x64
		{ABD55B4A-AC41-49BE-9B73-073EF7549D30}.Debug|x64.Build.0 = Debug|x64
		{ABD55B4A-AC41-49BE-9B73-073EF7549D30}.Debug|x86.ActiveCfg = Debug|x64
		{ABD55B4A-AC41-49BE-9B73-073EF7549D30}.Debug|x86.Build.0 = Debug|x64
		{ABD55B4A-AC41-49BE-9B73-073EF7549D30}.Profile|ARM.ActiveCfg = Debug|Win32
		{ABD55B4A-AC41-49BE-9B73-073EF7549D30}.Profile|ARM.Build.0 = Debug|Win32
		{ABD55B4A-AC41-49BE-9B73-073EF7549D30}.Profile|ARM64.ActiveCfg = Debug|Win32
		{ABD55B4A-AC41-49BE-9B73-073EF7549D30}.Profile|ARM64.Build.0 = Debug|Win32
		{ABD55B4A-AC41-49BE-9B73-073EF7549D30}.Profile|Gaming.Desktop.x64.ActiveCfg = Debug|Win32
		{ABD55B4A-AC41-49BE-9B73-073EF7549D30}.Profile|Gaming.Desktop.x64.Build.0 = Debug|Win32
		{ABD55B4A-AC41-49BE-9B73-073EF7549D30}.Profile|x64.ActiveCfg = Debug|x64
		{ABD55B4A-AC41-49BE-9B73-073EF7549D30}.Profile|x64.Build.0 = Debug|x64
		{ABD55B4A-AC41-49BE-9B73-073EF7549D30}.Profile|x86.ActiveCfg = Debug|Win32
		{ABD55B4A-AC41-49BE-9B73-073EF7549D30}.Profile|x86.Build.0 = Debug|Win32
		{ABD55B4A-AC41-49BE-9B73-073EF7549D30}.Release|ARM.ActiveCfg = Release|x64
		{ABD55B4A-AC41-49BE-9B73-073EF7549D30}.Release|ARM64.ActiveCfg = Release|x64
		{ABD55B4A-AC41-49BE-9B73-073EF7549D30}.Release|Gaming.Desktop.x64.ActiveCfg = Release|x64
		{ABD55B4A-AC41-49BE-9B73-073EF7549D30}.Release|x64.ActiveCfg = Release|x64
		{ABD55B4A-AC41-49BE-9B73-073EF7549D30}.Release|x64.Build.0 = Release|x64
		{ABD55B4A-AC41-49BE-9B73-073EF7549D30}.Release|x86.ActiveCfg = Release|x64
		{B705CBA5-7A24-4E5F-9770-E4D663914F25}.Debug|ARM.ActiveCfg = Debug|Win32
		{B705CBA5-7A24-4E5F-9770-E4D663914F25}.Debug|ARM64.ActiveCfg = Debug|Win32
		{B705CBA5-7A24-4E5F-9770-E4D663914F25}.Debug|Gaming.Desktop.x64.ActiveCfg = Debug|Win32
		{B705CBA5-7A24-4E5F-9770-E4D663914F25}.Debug|x64.ActiveCfg = Debug|x64
		{B705CBA5-7A24-4E5F-9770-E4D663914F25}.Debug|x64.Build.0 = Debug|x64
		{B705CBA5-7A24-4E5F-9770-E4D663914F25}.Debug|x86.ActiveCfg = Debug|x64
		{B705CBA5-7A24-4E5F-9770-E4D663914F25}.Debug|x86.Build.0 = Debug|x64
		{B705CBA5-7A24-4E5F-9770-E4D663914F25}.Profile|ARM.ActiveCfg = Debug|Win32
		{B705CBA5-7A24-4E5F-9770-E4D663914F25}.Profile|ARM.Build.0 = Debug|Win32
		{B705CBA5-7A24-4E5F-9770-E4D663914F25}.Profile|ARM64.ActiveCfg = Debug|Win32
		{B705CBA5-7A24-4E5F-9770-E4D663914F25}.Profile|ARM64.Build.0 = Debug|Win32
		{B705CBA5-7A24-4E5F-9770-E4D663914F25}.Profile|Gaming.Desktop.x64.ActiveCfg = Debug|Win32
		{B705CBA5-7A24-4E5F-9770-E4D663914F25}.Profile|Gaming.Desktop.x64.Build.0 = Debug|Win32
		{B705CBA5-7A24-4E5F-9770-E4D663914F25}.Profile|x64.ActiveCfg = Debug|x64
		{B705CBA5-7A24-4E5F-9770-E4D663914F25}.Profile|x64.Build.0 = Debug|x64
		{B705CBA5-7A24-4E5F-9770-E4D663914F25}.Profile|x86.ActiveCfg = Debug|Win32
		{B705CBA5-7A24-4E5F-9770-E4D663914F25}.Profile|x86.Build.0 = Debug|Win32
		{B705CBA5-7A24-4E5F-9770-E4D663914F25}.Release|ARM.ActiveCfg = Release|x64
		{B705CBA5-7A24-4E5F-9770-E4D663914F25}.Release|ARM64.ActiveCfg = Release|x64
		{B705CBA5-7A24-4E5F-9770-E4D663914F25}.Release|Gaming.Desktop.x64.ActiveCfg = Release|x64
		{B705CBA5-7A24-4E5F-9770-E4D663914F25}.Release|x64.ActiveCfg = Release|x64
		{B705CBA5-7A24-4E5F-9770-E4D663914F25}.Release|x64.Build.0 = Release|x64
		{B705CBA5-7A24-4E5F-9770-E4D663914F25}.Release|x86.ActiveCfg = Release|x64
		{37993159-955C-40B5-9235-8E50F81194CA}.Debug|ARM.ActiveCfg = Debug|Win32
		{37993159-955C-40B5-9235-8E50F81194CA}.Debug|ARM64.ActiveCfg = Debug|Win32
		{37993159-955C-40B5-9235-8E50F81194CA}.Debug|Gaming.Desktop.x64.ActiveCfg = Debug|Win32
		{37993159-955C-40B5-9235-8E50F81194CA}.Debug|x64.ActiveCfg = Debug|x64
		{37993159-955C-40B5-9235-8E50F81194CA}.Debug|x64.Build.0 = Debug|x64
		{37993159-955C-40B5-9235-8E50F81194CA}.Debug|x86.ActiveCfg = Debug|x64
		{37993159-955C-40B5-9235-8E50F81194CA}.Debug|x86.Build.0 = Debug|x64
		{37993159-955C-40B5-9235-8E50F81194CA}.Profile|ARM.ActiveCfg = Debug|Win32
		{37993159-955C-40B5-9235-8E50F81194CA}.Profile|ARM.Build.0 = Debug|Win32
		{37993159-955C-40B5-9235-8E50F81194CA}.Profile|ARM64.ActiveCfg = Debug|Win32
		{37993159-955C-40B5-9235-8E50F81194CA}.Profile|ARM64.Build.0 = Debug|Win32
		{37993159-955C-40B5-9235-8E50F81194CA}.Profile|Gaming.Desktop.x64.ActiveCfg = Debug|Win32
		{37993159-955C-40B5-9235-8E50F81194CA}.Profile|Gaming.Desktop.x64.Build.0 = Debug|Win32
		{37993159-955C-40B5-9235-8E50F81194CA}.Profile|x64.ActiveCfg = Debug|x64
		{37993159-955C-40B5-9235-8E50F81194CA}.Profile|x64.Build.0 = Debug|x64
		{37993159-955C-40B5-9235-8E50F81194CA}.Profile|x86.ActiveCfg = Debug|Win32
		{37993159-955C-40B5-9235-8E50F81194CA}.Profile|x86.Build.0 = Debug|Win32
		{37993159-955C-40B5-9235-8E50F81194CA}.Release|ARM.ActiveCfg = Release|x64
		{37993159-955C-40B5-9235-8E50F81194CA}.Release|ARM64.ActiveCfg = Release|x64
		{37993159-955C-40B5-9235-8E50F81194CA}.Release|Gaming.Desktop.x64.ActiveCfg = Release|x64
		{37993159-955C-40B5-9235-8E50F81194CA}.Release|x64.ActiveCfg = Release|x64
		{37993159-955C-40B5-9235-8E50F81194CA}.Release|x64.Build.0 = Release|x64
		{37993159-955C-40B5-9235-8E50F81194CA}.Release|x86.ActiveCfg = Release|x64
		{AD09BAFC-BECD-4BE9-BC31-2B38C7756122}.Debug|ARM.ActiveCfg = Debug|Win32
		{AD09BAFC-BECD-4BE9-BC31-2B38C7756122}.Debug|ARM64.ActiveCfg = Debug|Win32
		{AD09BAFC-BECD-4BE9-BC31-2B38C7756122}.Debug|Gaming.Desktop.x64.ActiveCfg = Debug|Win32
		{AD09BAFC-BECD-4BE9-BC31-2B38C7756122}.Debug|x64.ActiveCfg = Debug|x64
		{AD09BAFC-BECD-4BE9-BC31-2B38C7756122}.Debug|x64.Build.0 = Debug|x64
		{AD09BAFC-BECD-4BE9-BC31-2B38C7756122}.Debug|x86.ActiveCfg = Debug|x64
		{AD09BAFC-BECD-4BE9-BC31-2B38C7756122}.Debug|x86.Build.0 = Debug|x64
		{AD09BAFC-BECD-4BE9-BC31-2B38C7756122}.Profile|ARM.ActiveCfg = Debug|Win32
		{AD09BAFC-BECD-4BE9-BC31-2B38C7756122}.Profile|ARM.Build.0 = Debug|Win32
		{AD09BAFC-BECD-4BE9-BC31-2B38C7756122}.Profile|ARM64.ActiveCfg = Debug|Win32
		{AD09BAFC-BECD-4BE9-BC31-2B38C7756122}.Profile|ARM64.Build.0 = Debug|Win32
		{AD09BAFC-BECD-4BE9-BC31-2B38C7756122}.Profile|Gaming.Desktop.x64.ActiveCfg = Debug|Win32
		{AD09BAFC-BECD-4BE9-BC31-2B38C7756122}.Profile|Gaming.Desktop.x64.Build.0 = Debug|Win32
		{AD09BAFC-BECD-4BE9-BC31-2B38C7756122}.Profile|x64.ActiveCfg = Debug|x64
		{AD09BAFC-BECD-4BE9-BC31-2B38C7756122}.Profile|x64.Build.0 = Debug|x64
		{AD09BAFC-BECD-4BE9-BC31-2B38C7756122}.Profile|x86.ActiveCfg = Debug|Win32
		{AD09BAFC-BECD-4BE9-BC31-2B38C7756122}.Profile|x86.Build.0 = Debug|Win32
		{AD09BAFC-BECD-4BE9-BC31-2B38C7756122}.Release|ARM.ActiveCfg = Release|x64
		{AD09BAFC-BECD-4BE9-BC31-2B38C7756122}.Release|ARM64.ActiveCfg = Release|x64
		{AD09BAFC-BECD-4BE9-BC31-2B38C7756122}.Release|Gaming.Desktop.x64.ActiveCfg = Release|x64
		{AD09BAFC-BECD-4BE9-BC31-2B38C7756122}.Release|x64.ActiveCfg = Release|x64
		{AD09BAFC-BECD-4BE9-BC31-2B38C7756122}.Release|x64.Build.0 = Release|x64
		{AD09BAFC-BECD-4BE9-BC31-2B38C7756122}.Release|x86.ActiveCfg = Release|x64
		{0D4FB2A4-296F-416B-AC8C-7B7593752BF5}.Debug|ARM.ActiveCfg = Debug|Win32
		{0D4FB2A4-296F-416B-AC8C-7B7593752BF5}.Debug|ARM64.ActiveCfg = Debug|Win32
		{0D4FB2A4-296F-416B-AC8C-7B7593752BF5}.Debug|Gaming.Desktop.x64.ActiveCfg = Debug|Win32
		{0D4FB2A4-296F-416B-AC8C-7B7593752BF5}.Debug|x64.ActiveCfg = Debug|x64
		{0D4FB2A4-296F-416B-AC8C-7B7593752BF5}.Debug|x64.Build.0 = Debug|x64
		{0D4FB2A4-296F-416B-AC8C-7B7593752BF5}.Debug|x86.ActiveCfg = Debug|x64
		{0D4FB2A4-296F-416B-AC8C-7B7593752BF5}.Debug|x86.Build.0 = Debug|x64
		{0D4FB2A4-296F-416B-AC8C-7B7593752BF5}.Profile|ARM.ActiveCfg = Debug|Win32
		{0D4FB2A4-296F-416B-AC8C-7B7593752BF5}.Profile|ARM.Build.0 = Debug|Win32
		{0D4FB2A4-296F-416B-AC8C-7B7593752BF5}.Profile|ARM64.ActiveCfg = Debug|Win32
		{0D4FB2A4-296F-416B-AC8C-7B7593752BF5}.Profile|ARM64.Build.0 = Debug|Win32
		{0D4FB2A4-296F-416B-AC8C-7B7593752BF5}.Profile|Gaming.Desktop.x64.ActiveCfg = Debug|Win32
		{0D4FB2A4-296F-416B-AC8C-7B7593752BF5}.Profile|Gaming.Desktop.x64.Build.0 = Debug|Win32
		{0D4FB2A4-296F-416B-AC8C-7B7593752BF5}.Profile|x64.ActiveCfg = Debug|x64
		{0D4FB2A4-296F-416B-AC8C-7B7593752BF5}.Profile|x64.Build.0 = Debug|x64
		{0D4FB2A4-296F-416B-AC8C-7B7593752BF5}.Profile|x86.ActiveCfg = Debug|Win32
		{0D4FB2A4-296F-416B-AC8C-7B7593752BF5}.Profile|x86.Build.0 = Debug|Win32
		{0D4FB2A4-296F-416B-AC8C-7B7593752BF5}.Release|ARM.ActiveCfg = Release|x64
		{0D4FB2A4-296F-416B-AC8C-7B7593752BF5}.Release|ARM64.ActiveCfg = Release|x64
		{0D4FB2A4-296F-416B-AC8C-7B7593752BF5}.Release|Gaming.Desktop.x64.ActiveCfg = Release|x64
		{0D4FB2A4-296F-416B-AC8C-7B7593752BF5}.Release|x64.ActiveCfg = Release|x64
		{0D4FB2A4-296F-416B-AC8C-7B7593752BF5}.Release|x64.Build.0 = Release|x64
		{0D4FB2A4-296F-416B-AC8C-7B7593752BF5}.Release|x86.ActiveCfg = Release|x64
		{26475A72-7295-4556-BF92-F4A26E2C98C7}.Debug|ARM.ActiveCfg = Debug|Win32
		{26475A72-7295-4556-BF92-F4A26E2C98C7}.Debug|ARM64.ActiveCfg = Debug|Win32
		{26475A72-7295-4556-BF92-F4A26E2C98C7}.Debug|Gaming.Desktop.x64.ActiveCfg = Debug|Win32
		{26475A72-7295-4556-BF92-F4A26E2C98C7}.Debug|x64.ActiveCfg = Debug|x64
		{26475A72-7295-4556-BF92-F4A26E2C98C7}.Debug|x64.Build.0 = Debug|x64
		{26475A72-7295-4556-BF92-F4A26E2C98C7}.Debug|x86.ActiveCfg = Debug|Win32
		{26475A72-7295-4556-BF92-F4A26E2C98C7}.Debug|x86.Build.0 = Debug|Win32
		{26475A72-7295-4556-BF92-F4A26E2C98C7}.Profile|ARM.ActiveCfg = Debug|Win32
		{26475A72-7295-4556-BF92-F4A26E2C98C7}.Profile|ARM.Build.0 = Debug|Win32
		{26475A72-7295-4556-BF92-F4A26E2C98C7}.Profile|ARM64.ActiveCfg = Debug|Win32
		{26475A72-7295-4556-BF92-F4A26E2C98C7}.Profile|ARM64.Build.0 = Debug|Win32
		{26475A72-7295-4556-BF92-F4A26E2C98C7}.Profile|Gaming.Desktop.x64.ActiveCfg = Debug|Win32
		{26475A72-7295-4556-BF92-F4A26E2C98C7}.Profile|Gaming.Desktop.x64.Build.0 = Debug|Win32
		{26475A72-7295-4556-BF92-F4A26E2C98C7}.Profile|x64.ActiveCfg = Debug|x64
		{26475A72-7295-4556-BF92-F4A26E2C98C7}.Profile|x64.Build.0 = Debug|x64
		{26475A72-7295-4556-BF92-F4A26E2C98C7}.Profile|x86.ActiveCfg = Debug|Win32
		{26475A72-7295-4556-BF92-F4A26E2C98C7}.Profile|x86.Build.0 = Debug|Win32
		{26475A72-7295-4556-BF92-F4A26E2C98C7}.Release|ARM.ActiveCfg = Release|Win32
		{26475A72-7295-4556-BF92-F4A26E2C98C7}.Release|ARM64.ActiveCfg = Release|Win32
		{26475A72-7295-4556-BF92-F4A26E2C98C7}.Release|Gaming.Desktop.x64.ActiveCfg = Release|Win32
		{26475A72-7295-4556-BF92-F4A26E2C98C7}.Release|x64.ActiveCfg = Release|x64
		{26475A72-7295-4556-BF92-F4A26E2C98C7}.Release|x64.Build.0 = Release|x64
		{26475A72-7295-4556-BF92-F4A26E2C98C7}.Release|x86.ActiveCfg = Release|Win32
		{26475A72-7295-4556-BF92-F4A26E2C98C7}.Release|x86.Build.0 = Release|Win32
		{4EFC6366-CE89-4793-8613-F84668924771}.Debug|ARM.ActiveCfg = Debug|Win32
		{4EFC6366-CE89-4793-8613-F84668924771}.Debug|ARM64.ActiveCfg = Debug|Win32
		{4EFC6366-CE89-4793-8613-F84668924771}.Debug|Gaming.Desktop.x64.ActiveCfg = Debug|Win32
		{4EFC6366-CE89-4793-8613-F84668924771}.Debug|x64.ActiveCfg = Debug|x64
		{4EFC6366-CE89-4793-8613-F84668924771}.Debug|x64.Build.0 = Debug|x64
		{4EFC6366-CE89-4793-8613-F84668924771}.Debug|x86.ActiveCfg = Debug|Win32
		{4EFC6366-CE89-4793-8613-F84668924771}.Debug|x86.Build.0 = Debug|Win32
		{4EFC6366-CE89-4793-8613-F84668924771}.Profile|ARM.ActiveCfg = Debug|Win32
		{4EFC6366-CE89-4793-8613-F84668924771}.Profile|ARM.Build.0 = Debug|Win32
		{4EFC6366-CE89-4793-8613-F84668924771}.Profile|ARM64.ActiveCfg = Debug|Win32
		{4EFC6366-CE89-4793-8613-F84668924771}.Profile|ARM64.Build.0 = Debug|Win32
		{4EFC6366-CE89-4793-8613-F84668924771}.Profile|Gaming.Desktop.x64.ActiveCfg = Debug|Win32
		{4EFC6366-CE89-4793-8613-F84668924771}.Profile|Gaming.Desktop.x64.Build.0 = Debug|Win32
		{4EFC6366-CE89-4793-8613-F84668924771}.Profile|x64.ActiveCfg = Debug|x64
		{4EFC6366-CE89-4793-8613-F84668924771}.Profile|x64.Build.0 = Debug|x64
		{4EFC6366-CE89-4793-8613-F84668924771}.Profile|x86.ActiveCfg = Debug|Win32
		{4EFC6366-CE89-4793-8613-F84668924771}.Profile|x86.Build.0 = Debug|Win32
		{4EFC6366-CE89-4793-8613-F84668924771}.Release|ARM.ActiveCfg = Release|Win32
		{4EFC6366-CE89-4793-8613-F84668924771}.Release|ARM64.ActiveCfg = Release|Win32
		{4EFC6366-CE89-4793-8613-F84668924771}.Release|Gaming.Desktop.x64.ActiveCfg = Release|Win32
		{4EFC6366-CE89-4793-8613-F84668924771}.Release|x64.ActiveCfg = Release|x64
		{4EFC6366-CE89-4793-8613-F84668924771}.Release|x64.Build.0 = Release|x64
		{4EFC6366-CE89-4793-8613-F84668924771}.Release|x86.ActiveCfg = Release|Win32
		{4EFC6366-CE89-4793-8613-F84668924771}.Release|x86.Build.0 = Release|Win32
		{C325FF7A-A8BB-406C-85DD-3D79D1F76FC4}.Debug|ARM.ActiveCfg = Debug|Win32
		{C325FF7A-A8BB-406C-85DD-3D79D1F76FC4}.Debug|ARM64.ActiveCfg = Debug|Win32
		{C325FF7A-A8BB-406C-85DD-3D79D1F76FC4}.Debug|Gaming.Desktop.x64.ActiveCfg = Debug|Win32
		{C325FF7A-A8BB-406C-85DD-3D79D1F76FC4}.Debug|x64.ActiveCfg = Debug|x64
		{C325FF7A-A8BB-406C-85DD-3D79D1F76FC4}.Debug|x64.Build.0 = Debug|x64
		{C325FF7A-A8BB-406C-85DD-3D79D1F76FC4}.Debug|x86.ActiveCfg = Debug|Win32
		{C325FF7A-A8BB-406C-85DD-3D79D1F76FC4}.Debug|x86.Build.0 = Debug|Win32
		{C325FF7A-A8BB-406C-85DD-3D79D1F76FC4}.Profile|ARM.ActiveCfg = Debug|Win32
		{C325FF7A-A8BB-406C-85DD-3D79D1F76FC4}.Profile|ARM.Build.0 = Debug|Win32
		{C325FF7A-A8BB-406C-85DD-3D79D1F76FC4}.Profile|ARM64.ActiveCfg = Debug|Win32
		{C325FF7A-A8BB-406C-85DD-3D79D1F76FC4}.Profile|ARM64.Build.0 = Debug|Win32
		{C325FF7A-A8BB-406C-85DD-3D79D1F76FC4}.Profile|Gaming.Desktop.x64.ActiveCfg = Debug|Win32
		{C325FF7A-A8BB-406C-85DD-3D79D1F76FC4}.Profile|Gaming.Desktop.x64.Build.0 = Debug|Win32
		{C325FF7A-A8BB-406C-85DD-3D79D1F76FC4}.Profile|x64.ActiveCfg = Debug|x64
		{C325FF7A-A8BB-406C-85DD-3D79D1F76FC4}.Profile|x64.Build.0 = Debug|x64
		{C325FF7A-A8BB-406C-85DD-3D79D1F76FC4}.Profile|x86.ActiveCfg = Debug|Win32
		{C325FF7A-A8BB-406C-85DD-3D79D1F76FC4}.Profile|x86.Build.0 = Debug|Win32
		{C325FF7A-A8BB-406C-85DD-3D79D1F76FC4}.Release|ARM.ActiveCfg = Release|Win32
		{C325FF7A-A8BB-406C-85DD-3D79D1F76FC4}.Release|ARM64.ActiveCfg = Release|Win32
		{C325FF7A-A8BB-406C-85DD-3D79D1F76FC4}.Release|Gaming.Desktop.x64.ActiveCfg = Release|Win32
		{C325FF7A-A8BB-406C-85DD-3D79D1F76FC4}.Release|x64.ActiveCfg = Release|x64
		{C325FF7A-A8BB-406C-85DD-3D79D1F76FC4}.Release|x64.Build.0 = Release|x64
		{C325FF7A-A8BB-406C-85DD-3D79D1F76FC4}.Release|x86.ActiveCfg = Release|Win32
		{C325FF7A-A8BB-406C-85DD-3D79D1F76FC4}.Release|x86.Build.0 = Release|Win32
		{FEA4DF29-2B57-4233-9F00-919F57BD0FE4}.Debug|ARM.ActiveCfg = Debug|Win32
		{FEA4DF29-2B57-4233-9F00-919F57BD0FE4}.Debug|ARM64.ActiveCfg = Debug|Win32
		{FEA4DF29-2B57-4233-9F00-919F57BD0FE4}.Debug|Gaming.Desktop.x64.ActiveCfg = Debug|Win32
		{FEA4DF29-2B57-4233-9F00-919F57BD0FE4}.Debug|x64.ActiveCfg = Debug|x64
		{FEA4DF29-2B57-4233-9F00-919F57BD0FE4}.Debug|x64.Build.0 = Debug|x64
		{FEA4DF29-2B57-4233-9F00-919F57BD0FE4}.Debug|x86.ActiveCfg = Debug|Win32
		{FEA4DF29-2B57-4233-9F00-919F57BD0FE4}.Debug|x86.Build.0 = Debug|Win32
		{FEA4DF29-2B57-4233-9F00-919F57BD0FE4}.Profile|ARM.ActiveCfg = Debug|Win32
		{FEA4DF29-2B57-4233-9F00-919F57BD0FE4}.Profile|ARM.Build.0 = Debug|Win32
		{FEA4DF29-2B57-4233-9F00-919F57BD0FE4}.Profile|ARM64.ActiveCfg = Debug|Win32
		{FEA4DF29-2B57-4233-9F00-919F57BD0FE4}.Profile|ARM64.Build.0 = Debug|Win32
		{FEA4DF29-2B57-4233-9F00-919F57BD0FE4}.Profile|Gaming.Desktop.x64.ActiveCfg = Debug|Win32
		{FEA4DF29-2B57-4233-9F00-919F57BD0FE4}.Profile|Gaming.Desktop.x64.Build.0 = Debug|Win32
		{FEA4DF29-2B57-4233-9F00-919F57BD0FE4}.Profile|x64.ActiveCfg = Debug|x64
		{FEA4DF29-2B57-4233-9F00-919F57BD0FE4}.Profile|x64.Build.0 = Debug|x64
		{FEA4DF29-2B57-4233-9F00-919F57BD0FE4}.Profile|x86.ActiveCfg = Debug|Win32
		{FEA4DF29-2B57-4233-9F00-919F57BD0FE4}.Profile|x86.Build.0 = Debug|Win32
		{FEA4DF29-2B57-4233-9F00-919F57BD0FE4}.Release|ARM.ActiveCfg = Release|Win32
		{FEA4DF29-2B57-4233-9F00-919F57BD0FE4}.Release|ARM64.ActiveCfg = Release|Win32
		{FEA4DF29-2B57-4233-9F00-919F57BD0FE4}.Release|Gaming.Desktop.x64.ActiveCfg = Release|Win32
		{FEA4DF29-2B57-4233-9F00-919F57BD0FE4}.Release|x64.ActiveCfg = Release|x64
		{FEA4DF29-2B57-4233-9F00-919F57BD0FE4}.Release|x64.Build.0 = Release|x64
		{FEA4DF29-2B57-4233-9F00-919F57BD0FE4}.Release|x86.ActiveCfg = Release|Win32
		{FEA4DF29-2B57-4233-9F00-919F57BD0FE4}.Release|x86.Build.0 = Release|Win32
	EndGlobalSection
	GlobalSection(SolutionProperties) = preSolution
		HideSolutionNode = FALSE
	EndGlobalSection
	GlobalSection(ExtensibilityGlobals) = postSolution
		SolutionGuid = {C77CA843-58EF-4223-ACDC-CBB75F6F41F9}
	EndGlobalSection
EndGlobal
