<?xml version="1.0" encoding="utf-8"?>
<Project ToolsVersion="4.0" xmlns="http://schemas.microsoft.com/developer/msbuild/2003">
  <ItemGroup>
    <Filter Include="Source Files">
      <UniqueIdentifier>{4FC737F1-C7A5-4376-A066-2A32D752A2FF}</UniqueIdentifier>
      <Extensions>cpp;c;cc;cxx;c++;cppm;ixx;def;odl;idl;hpj;bat;asm;asmx</Extensions>
    </Filter>
    <Filter Include="Header Files">
      <UniqueIdentifier>{93995380-89BD-4b04-88EB-625FBE52EBFB}</UniqueIdentifier>
      <Extensions>h;hh;hpp;hxx;h++;hm;inl;inc;ipp;xsd</Extensions>
    </Filter>
    <Filter Include="Resource Files">
      <UniqueIdentifier>{67DA6AB6-F800-4c08-8B7A-83BB121AAD01}</UniqueIdentifier>
      <Extensions>rc;ico;cur;bmp;dlg;rc2;rct;bin;rgs;gif;jpg;jpeg;jpe;resx;tiff;tif;png;wav;mfcribbon-ms</Extensions>
    </Filter>
    <Filter Include="Header Files\Interface">
      <UniqueIdentifier>{c4b1f274-ef34-4b8b-848f-ed512d245426}</UniqueIdentifier>
    </Filter>
    <Filter Include="Header Files\Adapter">
      <UniqueIdentifier>{3a2b8189-8c31-4bfb-9e98-712a556e29f5}</UniqueIdentifier>
    </Filter>
    <Filter Include="Header Files\Command">
      <UniqueIdentifier>{3d651215-d011-41b8-9a41-0307952098e7}</UniqueIdentifier>
    </Filter>
    <Filter Include="Header Files\Queue">
      <UniqueIdentifier>{20cdca33-1338-4937-ae8e-0025fbc029f3}</UniqueIdentifier>
    </Filter>
  </ItemGroup>
  <ItemGroup>
    <ClCompile Include="main.cpp">
      <Filter>Source Files</Filter>
    </ClCompile>
  </ItemGroup>
  <ItemGroup>
    <ClInclude Include="IThreadable.h">
      <Filter>Header Files\Interface</Filter>
    </ClInclude>
    <ClInclude Include="ThreadableAdapter.h">
      <Filter>Header Files\Adapter</Filter>
    </ClInclude>
    <ClInclude Include="StartThread.h">
      <Filter>Header Files\Command</Filter>
    </ClInclude>
    <ClInclude Include="QueueCommand.h">
      <Filter>Header Files\Command</Filter>
    </ClInclude>
    <ClInclude Include="SoftStopThread.h">
      <Filter>Header Files\Command</Filter>
    </ClInclude>
    <ClInclude Include="HardStopThread.h">
      <Filter>Header Files\Command</Filter>
    </ClInclude>
    <ClInclude Include="Generic.h">
      <Filter>Header Files\Command</Filter>
    </ClInclude>
    <ClInclude Include="QueueThread.h">
      <Filter>Header Files</Filter>
    </ClInclude>
    <ClInclude Include="JoinThread.h">
      <Filter>Header Files\Command</Filter>
    </ClInclude>
    <ClInclude Include="LockFreeRingArray.h">
      <Filter>Header Files\Queue</Filter>
    </ClInclude>
    <ClInclude Include="LockQueue.h">
      <Filter>Header Files\Queue</Filter>
    </ClInclude>
    <ClInclude Include="TwoLockQueue.h">
      <Filter>Header Files\Queue</Filter>
    </ClInclude>
    <ClInclude Include="IQueue.h">
      <Filter>Header Files\Interface</Filter>
    </ClInclude>
  </ItemGroup>
</Project>